
Microsoft Visual Studio Solution File, Format Version 12.00
# Visual Studio Version 17
VisualStudioVersion = 17.6.33717.318
MinimumVisualStudioVersion = 10.0.40219.1
Project("{FAE04EC0-301F-11D3-BF4B-00C04F79EFBC}") = "FinancialTrackingSystem", "FinancialTrackingSystem\FinancialTrackingSystem.csproj", "{541DB07C-AD78-4D64-B649-2558C36400D4}"
EndProject
Global
	GlobalSection(SolutionConfigurationPlatforms) = preSolution
		Debug|Any CPU = Debug|Any CPU
		Release|Any CPU = Release|Any CPU
	EndGlobalSection
	GlobalSection(ProjectConfigurationPlatforms) = postSolution
		{541DB07C-AD78-4D64-B649-2558C36400D4}.Debug|Any CPU.ActiveCfg = Debug|Any CPU
		{541DB07C-AD78-4D64-B649-2558C36400D4}.Debug|Any CPU.Build.0 = Debug|Any CPU
		{541DB07C-AD78-4D64-B649-2558C36400D4}.Release|Any CPU.ActiveCfg = Release|Any CPU
		{541DB07C-AD78-4D64-B649-2558C36400D4}.Release|Any CPU.Build.0 = Release|Any CPU
	EndGlobalSection
	GlobalSection(SolutionProperties) = preSolution
		HideSolutionNode = FALSE
	EndGlobalSection
	GlobalSection(ExtensibilityGlobals) = postSolution
		SolutionGuid = {059D8F85-6090-4E2C-A773-DED739CD2470}
	EndGlobalSection
EndGlobal
